
Microsoft Visual Studio Solution File, Format Version 12.00
# Visual Studio Version 17
VisualStudioVersion = 17.13.35818.85 d17.13
MinimumVisualStudioVersion = 10.0.40219.1
Project("{FAE04EC0-301F-11D3-BF4B-00C04F79EFBC}") = "img-filter", "img-filter\img-filter.csproj", "{8438E614-2BF6-405C-90D8-9F9E0A6F92BF}"
EndProject
Global
	GlobalSection(SolutionConfigurationPlatforms) = preSolution
		Debug|Any CPU = Debug|Any CPU
		Release|Any CPU = Release|Any CPU
	EndGlobalSection
	GlobalSection(ProjectConfigurationPlatforms) = postSolution
		{8438E614-2BF6-405C-90D8-9F9E0A6F92BF}.Debug|Any CPU.ActiveCfg = Debug|Any CPU
		{8438E614-2BF6-405C-90D8-9F9E0A6F92BF}.Debug|Any CPU.Build.0 = Debug|Any CPU
		{8438E614-2BF6-405C-90D8-9F9E0A6F92BF}.Release|Any CPU.ActiveCfg = Release|Any CPU
		{8438E614-2BF6-405C-90D8-9F9E0A6F92BF}.Release|Any CPU.Build.0 = Release|Any CPU
	EndGlobalSection
	GlobalSection(SolutionProperties) = preSolution
		HideSolutionNode = FALSE
	EndGlobalSection
	GlobalSection(ExtensibilityGlobals) = postSolution
		SolutionGuid = {2A272048-45FD-4525-B9A4-5992E01A1496}
	EndGlobalSection
EndGlobal
